
Microsoft Visual Studio Solution File, Format Version 12.00
# Visual Studio Version 17
VisualStudioVersion = 17.9.34902.65
MinimumVisualStudioVersion = 10.0.40219.1
Project("{FAE04EC0-301F-11D3-BF4B-00C04F79EFBC}") = "arglonbot", "arglonbot\arglonbot.csproj", "{32346B3C-8F54-4F19-9D4C-093C941ED11C}"
EndProject
Project("{2150E333-8FDC-42A3-9474-1A3956D46DE8}") = "k8s", "k8s", "{E4E0B798-623D-4C67-9832-D816FDA0477C}"
	ProjectSection(SolutionItems) = preProject
		deployment.yaml = deployment.yaml
		Dockerfile = Dockerfile
	EndProjectSection
EndProject
Global
	GlobalSection(SolutionConfigurationPlatforms) = preSolution
		Debug|Any CPU = Debug|Any CPU
		Release|Any CPU = Release|Any CPU
	EndGlobalSection
	GlobalSection(ProjectConfigurationPlatforms) = postSolution
		{32346B3C-8F54-4F19-9D4C-093C941ED11C}.Debug|Any CPU.ActiveCfg = Debug|Any CPU
		{32346B3C-8F54-4F19-9D4C-093C941ED11C}.Debug|Any CPU.Build.0 = Debug|Any CPU
		{32346B3C-8F54-4F19-9D4C-093C941ED11C}.Release|Any CPU.ActiveCfg = Release|Any CPU
		{32346B3C-8F54-4F19-9D4C-093C941ED11C}.Release|Any CPU.Build.0 = Release|Any CPU
	EndGlobalSection
	GlobalSection(SolutionProperties) = preSolution
		HideSolutionNode = FALSE
	EndGlobalSection
	GlobalSection(ExtensibilityGlobals) = postSolution
		SolutionGuid = {95237501-D751-4B00-A91D-8D13BB6472AE}
	EndGlobalSection
EndGlobal
